version = 1
revision = 3
requires-python = ">=3.14"

[[package]]
name = "asciinema"
version = "2.4.0"
source = { registry = "https://pypi.org/simple" }
sdist = { url = "https://files.pythonhosted.org/packages/f1/19/45b405438e90ad5b9618f3df62e9b3edaa2b115b530e60bd4b363465c704/asciinema-2.4.0.tar.gz", hash = "sha256:828e04c36ba622a7b8f8f912c8f0c1329538b6c7ed1c0d1b131bbbfe3a221707", size = 88768, upload-time = "2023-10-23T15:46:22.08Z" }
wheels = [
    { url = "https://files.pythonhosted.org/packages/55/72/d79812aa210d411f7659fde4bbb1d5ef0e80950ff70f98bfdc57e12787dc/asciinema-2.4.0-py3-none-any.whl", hash = "sha256:249ccf108509d643ddaf38979dac48c99e9e251f597173d8553a30d7a6423104", size = 97332, upload-time = "2023-10-23T15:46:19.691Z" },
]

[[package]]
name = "brain-games"
version = "0.1.0"
source = { editable = "." }
dependencies = [
    { name = "asciinema" },
    { name = "prompt" },
]

[package.metadata]
requires-dist = [
    { name = "asciinema", specifier = ">=2.4.0" },
    { name = "prompt" },
]

[[package]]
name = "prompt"
version = "0.4.1"
source = { registry = "https://pypi.org/simple" }
sdist = { url = "https://files.pythonhosted.org/packages/a6/f1/f550fffbdbe3ca55591d2c34f7d561ee8126a2e4f0b402a84860a31a5f68/prompt-0.4.1.tar.gz", hash = "sha256:8a7694b88f8c65188a983315e72582bf42fcc251b97042be1d2a2ad1aa0ebe0e", size = 6500, upload-time = "2017-06-05T17:01:13.381Z" }
wheels = [
    { url = "https://files.pythonhosted.org/packages/de/2a/baf04fe6bef0b73666fd891db1c395813ee9691f949ae4b42500dc440adb/prompt-0.4.1-py3-none-any.whl", hash = "sha256:98527de8dc3f0aa29669a39fbffeaf578ba6654dc836f737b6a5c6f9279002b7", size = 7149, upload-time = "2017-06-05T17:01:11.702Z" },
]
